Microsoft Visual Studio Solution File, Format Version 12.00
# Visual Studio Version 17
VisualStudioVersion = 17.5.2.0
MinimumVisualStudioVersion = 10.0.40219.1
Project("{FAE04EC0-301F-11D3-BF4B-00C04F79EFBC}") = "MapaClaseApp", "MapaClaseApp.csproj", "{4F222351-1E70-9A1E-21A5-0725EA4C90C8}"
EndProject
Global
	GlobalSection(SolutionConfigurationPlatforms) = preSolution
		Debug|Any CPU = Debug|Any CPU
		Release|Any CPU = Release|Any CPU
	EndGlobalSection
	GlobalSection(ProjectConfigurationPlatforms) = postSolution
		{4F222351-1E70-9A1E-21A5-0725EA4C90C8}.Debug|Any CPU.ActiveCfg = Debug|Any CPU
		{4F222351-1E70-9A1E-21A5-0725EA4C90C8}.Debug|Any CPU.Build.0 = Debug|Any CPU
		{4F222351-1E70-9A1E-21A5-0725EA4C90C8}.Release|Any CPU.ActiveCfg = Release|Any CPU
		{4F222351-1E70-9A1E-21A5-0725EA4C90C8}.Release|Any CPU.Build.0 = Release|Any CPU
	EndGlobalSection
	GlobalSection(SolutionProperties) = preSolution
		HideSolutionNode = FALSE
	EndGlobalSection
	GlobalSection(ExtensibilityGlobals) = postSolution
		SolutionGuid = {1B6030D9-BFEA-4D1F-A3F7-EF1010B07236}
	EndGlobalSection
EndGlobal
